// !$*UTF8*$!
{
	archiveVersion = 1;
	classes = {
	};
	objectVersion = 46;
	objects = {

/* Begin PBXBuildFile section */
		0208A74B1F009CF800AF40A5 /* Discovery1ViewController.swift in Sources */ = {isa = PBXBuildFile; fileRef = 0208A7491F009CF800AF40A5 /* Discovery1ViewController.swift */; };
		0208A74C1F009CF800AF40A5 /* Discovery1ViewController.xib in Resources */ = {isa = PBXBuildFile; fileRef = 0208A74A1F009CF800AF40A5 /* Discovery1ViewController.xib */; };
		024AE27B1EE71D5100444E7F /* AppDelegate.swift in Sources */ = {isa = PBXBuildFile; fileRef = 024AE27A1EE71D5100444E7F /* AppDelegate.swift */; };
		024AE2801EE71D5100444E7F /* Main.storyboard in Resources */ = {isa = PBXBuildFile; fileRef = 024AE27E1EE71D5100444E7F /* Main.storyboard */; };
		024AE2821EE71D5100444E7F /* Assets.xcassets in Resources */ = {isa = PBXBuildFile; fileRef = 024AE2811EE71D5100444E7F /* Assets.xcassets */; };
		024AE2851EE71D5100444E7F /* LaunchScreen.storyboard in Resources */ = {isa = PBXBuildFile; fileRef = 024AE2831EE71D5100444E7F /* LaunchScreen.storyboard */; };
		024AE28E1EE71D6D00444E7F /* User.swift in Sources */ = {isa = PBXBuildFile; fileRef = 024AE28D1EE71D6D00444E7F /* User.swift */; };
		024AE2931EE71F9200444E7F /* LoginViewController.swift in Sources */ = {isa = PBXBuildFile; fileRef = 024AE2921EE71F9200444E7F /* LoginViewController.swift */; };
		024AE2961EE7218C00444E7F /* loginInputView.swift in Sources */ = {isa = PBXBuildFile; fileRef = 024AE2951EE7218C00444E7F /* loginInputView.swift */; };
		024AE2981EE721BD00444E7F /* loginInputView.xib in Resources */ = {isa = PBXBuildFile; fileRef = 024AE2971EE721BD00444E7F /* loginInputView.xib */; };
		026DD5F21F12E65B00DE0A05 /* HomeFeedHeaderView.swift in Sources */ = {isa = PBXBuildFile; fileRef = 026DD5F11F12E65B00DE0A05 /* HomeFeedHeaderView.swift */; };
		026DD5F41F12E68800DE0A05 /* HomeFeedHeaderView.xib in Resources */ = {isa = PBXBuildFile; fileRef = 026DD5F31F12E68800DE0A05 /* HomeFeedHeaderView.xib */; };
		026DD5F81F12E81400DE0A05 /* NearByClaimedViewCell.swift in Sources */ = {isa = PBXBuildFile; fileRef = 026DD5F61F12E81400DE0A05 /* NearByClaimedViewCell.swift */; };
		026DD5F91F12E81400DE0A05 /* NearByClaimedViewCell.xib in Resources */ = {isa = PBXBuildFile; fileRef = 026DD5F71F12E81400DE0A05 /* NearByClaimedViewCell.xib */; };
		026DD5FB1F12E81400DE0A05 /* HomeFeedUnclaimedBountyCell.swift in Sources */ = {isa = PBXBuildFile; fileRef = 026DD5FA1F12E81400DE0A05 /* HomeFeedUnclaimedBountyCell.swift */; };
		026DD5FD1F12E81400DE0A05 /* HomeFeedNearByClaimedCollectionCell.swift in Sources */ = {isa = PBXBuildFile; fileRef = 026DD5FC1F12E81400DE0A05 /* HomeFeedNearByClaimedCollectionCell.swift */; };
		026DD6001F12E81400DE0A05 /* BountyViewCell.swift in Sources */ = {isa = PBXBuildFile; fileRef = 026DD5FE1F12E81400DE0A05 /* BountyViewCell.swift */; };
		026DD6011F12E81400DE0A05 /* BountyViewCell.xib in Resources */ = {isa = PBXBuildFile; fileRef = 026DD5FF1F12E81400DE0A05 /* BountyViewCell.xib */; };
		02AF5CE71EF9F34000FB8E01 /* AutoCompleteCell.swift in Sources */ = {isa = PBXBuildFile; fileRef = 02AF5CE51EF9F34000FB8E01 /* AutoCompleteCell.swift */; };
		02AF5CE81EF9F34000FB8E01 /* AutoCompleteCell.xib in Resources */ = {isa = PBXBuildFile; fileRef = 02AF5CE61EF9F34000FB8E01 /* AutoCompleteCell.xib */; };
		02AF5CEA1EF9F3B900FB8E01 /* POI.swift in Sources */ = {isa = PBXBuildFile; fileRef = 02AF5CE91EF9F3B900FB8E01 /* POI.swift */; };
		02AF5CED1EF9F45400FB8E01 /* GooglePlacesServer.swift in Sources */ = {isa = PBXBuildFile; fileRef = 02AF5CEC1EF9F45400FB8E01 /* GooglePlacesServer.swift */; };
		02AF5CEF1EF9F45400FB8E01 /* CoreLocation.framework in Frameworks */ = {isa = PBXBuildFile; fileRef = 02AF5CEE1EF9F45400FB8E01 /* CoreLocation.framework */; };
		02AF5CF11EF9F45400FB8E01 /* MapKit.framework in Frameworks */ = {isa = PBXBuildFile; fileRef = 02AF5CF01EF9F45400FB8E01 /* MapKit.framework */; };
		02AF5CF41EF9F45400FB8E01 /* GeoPoint.swift in Sources */ = {isa = PBXBuildFile; fileRef = 02AF5CF31EF9F45400FB8E01 /* GeoPoint.swift */; };
		02B17B671F0300DD00FB8A8F /* LocationCollectionViewCell.xib in Resources */ = {isa = PBXBuildFile; fileRef = 02B17B651F0300DD00FB8A8F /* LocationCollectionViewCell.xib */; };
		02B17B6A1F03079400FB8A8F /* LeftPaddedTextField.swift in Sources */ = {isa = PBXBuildFile; fileRef = 02B17B691F03079400FB8A8F /* LeftPaddedTextField.swift */; };
		02B17B6E1F03086000FB8A8F /* POIViewCell.swift in Sources */ = {isa = PBXBuildFile; fileRef = 02B17B6C1F03086000FB8A8F /* POIViewCell.swift */; };
		02B17B6F1F03086000FB8A8F /* POIViewCell.xib in Resources */ = {isa = PBXBuildFile; fileRef = 02B17B6D1F03086000FB8A8F /* POIViewCell.xib */; };
		02B17B731F03086000FB8A8F /* DetailViewController.swift in Sources */ = {isa = PBXBuildFile; fileRef = 02B17B711F03086000FB8A8F /* DetailViewController.swift */; };
		02B17B741F03086000FB8A8F /* DetailViewController.xib in Resources */ = {isa = PBXBuildFile; fileRef = 02B17B721F03086000FB8A8F /* DetailViewController.xib */; };
		02B17B7E1F03086000FB8A8F /* CarouselViewController.swift in Sources */ = {isa = PBXBuildFile; fileRef = 02B17B7C1F03086000FB8A8F /* CarouselViewController.swift */; };
		02B17B7F1F03086000FB8A8F /* CarouselViewController.xib in Resources */ = {isa = PBXBuildFile; fileRef = 02B17B7D1F03086000FB8A8F /* CarouselViewController.xib */; };
		02B17B811F03086000FB8A8F /* Bounty.swift in Sources */ = {isa = PBXBuildFile; fileRef = 02B17B801F03086000FB8A8F /* Bounty.swift */; };
		02B17B841F03086000FB8A8F /* Server.swift in Sources */ = {isa = PBXBuildFile; fileRef = 02B17B831F03086000FB8A8F /* Server.swift */; };
		02B17B881F03086000FB8A8F /* NearByClaimedCollectionCell.swift in Sources */ = {isa = PBXBuildFile; fileRef = 02B17B861F03086000FB8A8F /* NearByClaimedCollectionCell.swift */; };
		02B17B891F03086000FB8A8F /* NearByClaimedCollectionCell.xib in Resources */ = {isa = PBXBuildFile; fileRef = 02B17B871F03086000FB8A8F /* NearByClaimedCollectionCell.xib */; };
		02B17B8C1F03086000FB8A8F /* NavigationTitleView.swift in Sources */ = {isa = PBXBuildFile; fileRef = 02B17B8A1F03086000FB8A8F /* NavigationTitleView.swift */; };
		02B17B8D1F03086000FB8A8F /* NavigationTitleView.xib in Resources */ = {isa = PBXBuildFile; fileRef = 02B17B8B1F03086000FB8A8F /* NavigationTitleView.xib */; };
		02B17B8F1F03086000FB8A8F /* Media.swift in Sources */ = {isa = PBXBuildFile; fileRef = 02B17B8E1F03086000FB8A8F /* Media.swift */; };
		02B17B911F03086000FB8A8F /* Content.swift in Sources */ = {isa = PBXBuildFile; fileRef = 02B17B901F03086000FB8A8F /* Content.swift */; };
		02D099621F00893D00EF348E /* LocationCollectionViewCell.swift in Sources */ = {isa = PBXBuildFile; fileRef = 02D099611F00893D00EF348E /* LocationCollectionViewCell.swift */; };
		02DB73391EF08FF000C5C467 /* LocationRequestViewController.swift in Sources */ = {isa = PBXBuildFile; fileRef = 02DB73371EF08FF000C5C467 /* LocationRequestViewController.swift */; };
		02DB733A1EF08FF000C5C467 /* LocationRequestViewController.xib in Resources */ = {isa = PBXBuildFile; fileRef = 02DB73381EF08FF000C5C467 /* LocationRequestViewController.xib */; };
		02DB733E1EF0944D00C5C467 /* HomeTabBarViewController.swift in Sources */ = {isa = PBXBuildFile; fileRef = 02DB733C1EF0944D00C5C467 /* HomeTabBarViewController.swift */; };
		02DB733F1EF0944D00C5C467 /* HomeTabBarViewController.xib in Resources */ = {isa = PBXBuildFile; fileRef = 02DB733D1EF0944D00C5C467 /* HomeTabBarViewController.xib */; };
		02DB73431EF0964A00C5C467 /* HomeFeedViewController.swift in Sources */ = {isa = PBXBuildFile; fileRef = 02DB73411EF0964A00C5C467 /* HomeFeedViewController.swift */; };
		02DB73441EF0964A00C5C467 /* HomeFeedViewController.xib in Resources */ = {isa = PBXBuildFile; fileRef = 02DB73421EF0964A00C5C467 /* HomeFeedViewController.xib */; };
		02DB734D1EF096AB00C5C467 /* ProfileViewController.swift in Sources */ = {isa = PBXBuildFile; fileRef = 02DB734B1EF096AB00C5C467 /* ProfileViewController.swift */; };
		02DB734E1EF096AB00C5C467 /* ProfileViewController.xib in Resources */ = {isa = PBXBuildFile; fileRef = 02DB734C1EF096AB00C5C467 /* ProfileViewController.xib */; };
		02DB73501EF0972200C5C467 /* Constant.swift in Sources */ = {isa = PBXBuildFile; fileRef = 02DB734F1EF0972200C5C467 /* Constant.swift */; };
		CDB3582AE4F765D018ED642E /* Pods_Nearly.framework in Frameworks */ = {isa = PBXBuildFile; fileRef = C0A2262A42CC002EA9424DBE /* Pods_Nearly.framework */; };
/* End PBXBuildFile section */

/* Begin PBXFileReference section */
		0208A7491F009CF800AF40A5 /* Discovery1ViewController.swift */ = {isa = PBXFileReference; fileEncoding = 4; lastKnownFileType = sourcecode.swift; path = Discovery1ViewController.swift; sourceTree = "<group>"; };
		0208A74A1F009CF800AF40A5 /* Discovery1ViewController.xib */ = {isa = PBXFileReference; fileEncoding = 4; lastKnownFileType = file.xib; path = Discovery1ViewController.xib; sourceTree = "<group>"; };
		024AE2771EE71D5100444E7F /* Nearly.app */ = {isa = PBXFileReference; explicitFileType = wrapper.application; includeInIndex = 0; path = Nearly.app; sourceTree = BUILT_PRODUCTS_DIR; };
		024AE27A1EE71D5100444E7F /* AppDelegate.swift */ = {isa = PBXFileReference; lastKnownFileType = sourcecode.swift; path = AppDelegate.swift; sourceTree = "<group>"; };
		024AE27F1EE71D5100444E7F /* Base */ = {isa = PBXFileReference; lastKnownFileType = file.storyboard; name = Base; path = Base.lproj/Main.storyboard; sourceTree = "<group>"; };
		024AE2811EE71D5100444E7F /* Assets.xcassets */ = {isa = PBXFileReference; lastKnownFileType = folder.assetcatalog; path = Assets.xcassets; sourceTree = "<group>"; };
		024AE2841EE71D5100444E7F /* Base */ = {isa = PBXFileReference; lastKnownFileType = file.storyboard; name = Base; path = Base.lproj/LaunchScreen.storyboard; sourceTree = "<group>"; };
		024AE2861EE71D5100444E7F /* Info.plist */ = {isa = PBXFileReference; lastKnownFileType = text.plist.xml; path = Info.plist; sourceTree = "<group>"; };
		024AE28D1EE71D6D00444E7F /* User.swift */ = {isa = PBXFileReference; fileEncoding = 4; lastKnownFileType = sourcecode.swift; path = User.swift; sourceTree = "<group>"; };
		024AE2921EE71F9200444E7F /* LoginViewController.swift */ = {isa = PBXFileReference; fileEncoding = 4; lastKnownFileType = sourcecode.swift; path = LoginViewController.swift; sourceTree = "<group>"; };
		024AE2951EE7218C00444E7F /* loginInputView.swift */ = {isa = PBXFileReference; fileEncoding = 4; lastKnownFileType = sourcecode.swift; path = loginInputView.swift; sourceTree = "<group>"; };
		024AE2971EE721BD00444E7F /* loginInputView.xib */ = {isa = PBXFileReference; fileEncoding = 4; lastKnownFileType = file.xib; path = loginInputView.xib; sourceTree = "<group>"; };
		026DD5F11F12E65B00DE0A05 /* HomeFeedHeaderView.swift */ = {isa = PBXFileReference; fileEncoding = 4; lastKnownFileType = sourcecode.swift; path = HomeFeedHeaderView.swift; sourceTree = "<group>"; };
		026DD5F31F12E68800DE0A05 /* HomeFeedHeaderView.xib */ = {isa = PBXFileReference; fileEncoding = 4; lastKnownFileType = file.xib; path = HomeFeedHeaderView.xib; sourceTree = "<group>"; };
		026DD5F61F12E81400DE0A05 /* NearByClaimedViewCell.swift */ = {isa = PBXFileReference; fileEncoding = 4; lastKnownFileType = sourcecode.swift; path = NearByClaimedViewCell.swift; sourceTree = "<group>"; };
		026DD5F71F12E81400DE0A05 /* NearByClaimedViewCell.xib */ = {isa = PBXFileReference; fileEncoding = 4; lastKnownFileType = file.xib; path = NearByClaimedViewCell.xib; sourceTree = "<group>"; };
		026DD5FA1F12E81400DE0A05 /* HomeFeedUnclaimedBountyCell.swift */ = {isa = PBXFileReference; fileEncoding = 4; lastKnownFileType = sourcecode.swift; path = HomeFeedUnclaimedBountyCell.swift; sourceTree = "<group>"; };
		026DD5FC1F12E81400DE0A05 /* HomeFeedNearByClaimedCollectionCell.swift */ = {isa = PBXFileReference; fileEncoding = 4; lastKnownFileType = sourcecode.swift; path = HomeFeedNearByClaimedCollectionCell.swift; sourceTree = "<group>"; };
		026DD5FE1F12E81400DE0A05 /* BountyViewCell.swift */ = {isa = PBXFileReference; fileEncoding = 4; lastKnownFileType = sourcecode.swift; path = BountyViewCell.swift; sourceTree = "<group>"; };
		026DD5FF1F12E81400DE0A05 /* BountyViewCell.xib */ = {isa = PBXFileReference; fileEncoding = 4; lastKnownFileType = file.xib; path = BountyViewCell.xib; sourceTree = "<group>"; };
		02AF5CE51EF9F34000FB8E01 /* AutoCompleteCell.swift */ = {isa = PBXFileReference; fileEncoding = 4; lastKnownFileType = sourcecode.swift; path = AutoCompleteCell.swift; sourceTree = "<group>"; };
		02AF5CE61EF9F34000FB8E01 /* AutoCompleteCell.xib */ = {isa = PBXFileReference; fileEncoding = 4; lastKnownFileType = file.xib; path = AutoCompleteCell.xib; sourceTree = "<group>"; };
		02AF5CE91EF9F3B900FB8E01 /* POI.swift */ = {isa = PBXFileReference; fileEncoding = 4; lastKnownFileType = sourcecode.swift; path = POI.swift; sourceTree = "<group>"; };
		02AF5CEC1EF9F45400FB8E01 /* GooglePlacesServer.swift */ = {isa = PBXFileReference; fileEncoding = 4; lastKnownFileType = sourcecode.swift; path = GooglePlacesServer.swift; sourceTree = "<group>"; };
		02AF5CEE1EF9F45400FB8E01 /* CoreLocation.framework */ = {isa = PBXFileReference; lastKnownFileType = wrapper.framework; name = CoreLocation.framework; path = System/Library/Frameworks/CoreLocation.framework; sourceTree = SDKROOT; };
		02AF5CF01EF9F45400FB8E01 /* MapKit.framework */ = {isa = PBXFileReference; lastKnownFileType = wrapper.framework; name = MapKit.framework; path = System/Library/Frameworks/MapKit.framework; sourceTree = SDKROOT; };
		02AF5CF31EF9F45400FB8E01 /* GeoPoint.swift */ = {isa = PBXFileReference; fileEncoding = 4; lastKnownFileType = sourcecode.swift; path = GeoPoint.swift; sourceTree = "<group>"; };
		02B17B651F0300DD00FB8A8F /* LocationCollectionViewCell.xib */ = {isa = PBXFileReference; fileEncoding = 4; lastKnownFileType = file.xib; path = LocationCollectionViewCell.xib; sourceTree = "<group>"; };
		02B17B691F03079400FB8A8F /* LeftPaddedTextField.swift */ = {isa = PBXFileReference; fileEncoding = 4; lastKnownFileType = sourcecode.swift; path = LeftPaddedTextField.swift; sourceTree = "<group>"; };
		02B17B6C1F03086000FB8A8F /* POIViewCell.swift */ = {isa = PBXFileReference; fileEncoding = 4; lastKnownFileType = sourcecode.swift; path = POIViewCell.swift; sourceTree = "<group>"; };
		02B17B6D1F03086000FB8A8F /* POIViewCell.xib */ = {isa = PBXFileReference; fileEncoding = 4; lastKnownFileType = file.xib; path = POIViewCell.xib; sourceTree = "<group>"; };
		02B17B711F03086000FB8A8F /* DetailViewController.swift */ = {isa = PBXFileReference; fileEncoding = 4; lastKnownFileType = sourcecode.swift; path = DetailViewController.swift; sourceTree = "<group>"; };
		02B17B721F03086000FB8A8F /* DetailViewController.xib */ = {isa = PBXFileReference; fileEncoding = 4; lastKnownFileType = file.xib; path = DetailViewController.xib; sourceTree = "<group>"; };
		02B17B7C1F03086000FB8A8F /* CarouselViewController.swift */ = {isa = PBXFileReference; fileEncoding = 4; lastKnownFileType = sourcecode.swift; path = CarouselViewController.swift; sourceTree = "<group>"; };
		02B17B7D1F03086000FB8A8F /* CarouselViewController.xib */ = {isa = PBXFileReference; fileEncoding = 4; lastKnownFileType = file.xib; path = CarouselViewController.xib; sourceTree = "<group>"; };
		02B17B801F03086000FB8A8F /* Bounty.swift */ = {isa = PBXFileReference; fileEncoding = 4; lastKnownFileType = sourcecode.swift; path = Bounty.swift; sourceTree = "<group>"; };
		02B17B831F03086000FB8A8F /* Server.swift */ = {isa = PBXFileReference; fileEncoding = 4; lastKnownFileType = sourcecode.swift; path = Server.swift; sourceTree = "<group>"; };
		02B17B861F03086000FB8A8F /* NearByClaimedCollectionCell.swift */ = {isa = PBXFileReference; fileEncoding = 4; lastKnownFileType = sourcecode.swift; path = NearByClaimedCollectionCell.swift; sourceTree = "<group>"; };
		02B17B871F03086000FB8A8F /* NearByClaimedCollectionCell.xib */ = {isa = PBXFileReference; fileEncoding = 4; lastKnownFileType = file.xib; path = NearByClaimedCollectionCell.xib; sourceTree = "<group>"; };
		02B17B8A1F03086000FB8A8F /* NavigationTitleView.swift */ = {isa = PBXFileReference; fileEncoding = 4; lastKnownFileType = sourcecode.swift; path = NavigationTitleView.swift; sourceTree = "<group>"; };
		02B17B8B1F03086000FB8A8F /* NavigationTitleView.xib */ = {isa = PBXFileReference; fileEncoding = 4; lastKnownFileType = file.xib; path = NavigationTitleView.xib; sourceTree = "<group>"; };
		02B17B8E1F03086000FB8A8F /* Media.swift */ = {isa = PBXFileReference; fileEncoding = 4; lastKnownFileType = sourcecode.swift; path = Media.swift; sourceTree = "<group>"; };
		02B17B901F03086000FB8A8F /* Content.swift */ = {isa = PBXFileReference; fileEncoding = 4; lastKnownFileType = sourcecode.swift; path = Content.swift; sourceTree = "<group>"; };
		02D099611F00893D00EF348E /* LocationCollectionViewCell.swift */ = {isa = PBXFileReference; fileEncoding = 4; lastKnownFileType = sourcecode.swift; path = LocationCollectionViewCell.swift; sourceTree = "<group>"; };
		02DB73371EF08FF000C5C467 /* LocationRequestViewController.swift */ = {isa = PBXFileReference; fileEncoding = 4; lastKnownFileType = sourcecode.swift; path = LocationRequestViewController.swift; sourceTree = "<group>"; };
		02DB73381EF08FF000C5C467 /* LocationRequestViewController.xib */ = {isa = PBXFileReference; fileEncoding = 4; lastKnownFileType = file.xib; path = LocationRequestViewController.xib; sourceTree = "<group>"; };
		02DB733C1EF0944D00C5C467 /* HomeTabBarViewController.swift */ = {isa = PBXFileReference; fileEncoding = 4; lastKnownFileType = sourcecode.swift; path = HomeTabBarViewController.swift; sourceTree = "<group>"; };
		02DB733D1EF0944D00C5C467 /* HomeTabBarViewController.xib */ = {isa = PBXFileReference; fileEncoding = 4; lastKnownFileType = file.xib; path = HomeTabBarViewController.xib; sourceTree = "<group>"; };
		02DB73411EF0964A00C5C467 /* HomeFeedViewController.swift */ = {isa = PBXFileReference; fileEncoding = 4; lastKnownFileType = sourcecode.swift; path = HomeFeedViewController.swift; sourceTree = "<group>"; };
		02DB73421EF0964A00C5C467 /* HomeFeedViewController.xib */ = {isa = PBXFileReference; fileEncoding = 4; lastKnownFileType = file.xib; path = HomeFeedViewController.xib; sourceTree = "<group>"; };
		02DB734B1EF096AB00C5C467 /* ProfileViewController.swift */ = {isa = PBXFileReference; fileEncoding = 4; lastKnownFileType = sourcecode.swift; path = ProfileViewController.swift; sourceTree = "<group>"; };
		02DB734C1EF096AB00C5C467 /* ProfileViewController.xib */ = {isa = PBXFileReference; fileEncoding = 4; lastKnownFileType = file.xib; path = ProfileViewController.xib; sourceTree = "<group>"; };
		02DB734F1EF0972200C5C467 /* Constant.swift */ = {isa = PBXFileReference; fileEncoding = 4; lastKnownFileType = sourcecode.swift; path = Constant.swift; sourceTree = "<group>"; };
		C0A2262A42CC002EA9424DBE /* Pods_Nearly.framework */ = {isa = PBXFileReference; explicitFileType = wrapper.framework; includeInIndex = 0; path = Pods_Nearly.framework; sourceTree = BUILT_PRODUCTS_DIR; };
		E4FF66D7EE1CA1375D254FF5 /* Pods-Nearly.release.xcconfig */ = {isa = PBXFileReference; includeInIndex = 1; lastKnownFileType = text.xcconfig; name = "Pods-Nearly.release.xcconfig"; path = "Pods/Target Support Files/Pods-Nearly/Pods-Nearly.release.xcconfig"; sourceTree = "<group>"; };
		E5AE676C8D7A082CC9EDC771 /* Pods-Nearly.debug.xcconfig */ = {isa = PBXFileReference; includeInIndex = 1; lastKnownFileType = text.xcconfig; name = "Pods-Nearly.debug.xcconfig"; path = "Pods/Target Support Files/Pods-Nearly/Pods-Nearly.debug.xcconfig"; sourceTree = "<group>"; };
/* End PBXFileReference section */

/* Begin PBXFrameworksBuildPhase section */
		024AE2741EE71D5100444E7F /* Frameworks */ = {
			isa = PBXFrameworksBuildPhase;
			buildActionMask = 2147483647;
			files = (
				02AF5CF11EF9F45400FB8E01 /* MapKit.framework in Frameworks */,
				02AF5CEF1EF9F45400FB8E01 /* CoreLocation.framework in Frameworks */,
				CDB3582AE4F765D018ED642E /* Pods_Nearly.framework in Frameworks */,
			);
			runOnlyForDeploymentPostprocessing = 0;
		};
/* End PBXFrameworksBuildPhase section */

/* Begin PBXGroup section */
		024AE26E1EE71D5100444E7F = {
			isa = PBXGroup;
			children = (
				024AE2791EE71D5100444E7F /* Nearly */,
				024AE2781EE71D5100444E7F /* Products */,
				EF6CCE1AFC72A92C421856DB /* Pods */,
				4C831E6BB42210ADDFC2B502 /* Frameworks */,
			);
			sourceTree = "<group>";
		};
		024AE2781EE71D5100444E7F /* Products */ = {
			isa = PBXGroup;
			children = (
				024AE2771EE71D5100444E7F /* Nearly.app */,
			);
			name = Products;
			sourceTree = "<group>";
		};
		024AE2791EE71D5100444E7F /* Nearly */ = {
			isa = PBXGroup;
			children = (
				02B17B821F03086000FB8A8F /* Server */,
				024AE2901EE71D7D00444E7F /* Controller */,
				024AE28F1EE71D7800444E7F /* View */,
				024AE28C1EE71D5900444E7F /* Model */,
				024AE27A1EE71D5100444E7F /* AppDelegate.swift */,
				024AE27E1EE71D5100444E7F /* Main.storyboard */,
				024AE2811EE71D5100444E7F /* Assets.xcassets */,
				024AE2831EE71D5100444E7F /* LaunchScreen.storyboard */,
				024AE2861EE71D5100444E7F /* Info.plist */,
				02DB734F1EF0972200C5C467 /* Constant.swift */,
			);
			path = Nearly;
			sourceTree = "<group>";
		};
		024AE28C1EE71D5900444E7F /* Model */ = {
			isa = PBXGroup;
			children = (
				024AE28D1EE71D6D00444E7F /* User.swift */,
				02AF5CE91EF9F3B900FB8E01 /* POI.swift */,
				02AF5CF31EF9F45400FB8E01 /* GeoPoint.swift */,
				02B17B801F03086000FB8A8F /* Bounty.swift */,
				02B17B8E1F03086000FB8A8F /* Media.swift */,
				02B17B901F03086000FB8A8F /* Content.swift */,
			);
			name = Model;
			sourceTree = "<group>";
		};
		024AE28F1EE71D7800444E7F /* View */ = {
			isa = PBXGroup;
			children = (
			);
			name = View;
			sourceTree = "<group>";
		};
		024AE2901EE71D7D00444E7F /* Controller */ = {
			isa = PBXGroup;
			children = (
				026DD5F51F12E7F300DE0A05 /* Nearby Claimed Cell */,
				026DD5F01F12E63B00DE0A05 /* Header */,
				02B17B851F03086000FB8A8F /* NearbyCell */,
				02B17B7B1F03086000FB8A8F /* Carousel */,
				02B17B701F03086000FB8A8F /* DetailViewController */,
				02B17B6B1F03083400FB8A8F /* POICell */,
				02B17B681F03077200FB8A8F /* LeftPaddedTextFeild */,
				02B17B631F0300B900FB8A8F /* LocationCell */,
				02AF5CEB1EF9F44300FB8E01 /* API */,
				02AF5CE41EF9F31500FB8E01 /* AutoCompleteCell */,
				02DB734A1EF0969C00C5C467 /* Profile */,
				02DB73451EF0966D00C5C467 /* Discovery */,
				02DB73401EF0963800C5C467 /* HomeFeed */,
				02DB733B1EF0943D00C5C467 /* HomeTabBar */,
				02DB73361EF08FCC00C5C467 /* Location */,
				024AE2911EE71E2B00444E7F /* Login */,
			);
			name = Controller;
			sourceTree = "<group>";
		};
		024AE2911EE71E2B00444E7F /* Login */ = {
			isa = PBXGroup;
			children = (
				024AE2941EE7203800444E7F /* InputView */,
				024AE2921EE71F9200444E7F /* LoginViewController.swift */,
			);
			name = Login;
			sourceTree = "<group>";
		};
		024AE2941EE7203800444E7F /* InputView */ = {
			isa = PBXGroup;
			children = (
				024AE2951EE7218C00444E7F /* loginInputView.swift */,
				024AE2971EE721BD00444E7F /* loginInputView.xib */,
			);
			name = InputView;
			sourceTree = "<group>";
		};
		026DD5F01F12E63B00DE0A05 /* Header */ = {
			isa = PBXGroup;
			children = (
				026DD5F11F12E65B00DE0A05 /* HomeFeedHeaderView.swift */,
				026DD5F31F12E68800DE0A05 /* HomeFeedHeaderView.xib */,
				026DD5FA1F12E81400DE0A05 /* HomeFeedUnclaimedBountyCell.swift */,
				026DD5FC1F12E81400DE0A05 /* HomeFeedNearByClaimedCollectionCell.swift */,
			);
			name = Header;
			sourceTree = "<group>";
		};
		026DD5F51F12E7F300DE0A05 /* Nearby Claimed Cell */ = {
			isa = PBXGroup;
			children = (
				026DD5F61F12E81400DE0A05 /* NearByClaimedViewCell.swift */,
				026DD5F71F12E81400DE0A05 /* NearByClaimedViewCell.xib */,
				026DD5FE1F12E81400DE0A05 /* BountyViewCell.swift */,
				026DD5FF1F12E81400DE0A05 /* BountyViewCell.xib */,
			);
			name = "Nearby Claimed Cell";
			sourceTree = "<group>";
		};
		02AF5CE41EF9F31500FB8E01 /* AutoCompleteCell */ = {
			isa = PBXGroup;
			children = (
				02AF5CE51EF9F34000FB8E01 /* AutoCompleteCell.swift */,
				02AF5CE61EF9F34000FB8E01 /* AutoCompleteCell.xib */,
			);
			name = AutoCompleteCell;
			sourceTree = "<group>";
		};
		02AF5CEB1EF9F44300FB8E01 /* API */ = {
			isa = PBXGroup;
			children = (
				02AF5CEC1EF9F45400FB8E01 /* GooglePlacesServer.swift */,
			);
			name = API;
			sourceTree = "<group>";
		};
		02B17B631F0300B900FB8A8F /* LocationCell */ = {
			isa = PBXGroup;
			children = (
				02B17B651F0300DD00FB8A8F /* LocationCollectionViewCell.xib */,
				02D099611F00893D00EF348E /* LocationCollectionViewCell.swift */,
			);
			name = LocationCell;
			sourceTree = "<group>";
		};
		02B17B681F03077200FB8A8F /* LeftPaddedTextFeild */ = {
			isa = PBXGroup;
			children = (
				02B17B691F03079400FB8A8F /* LeftPaddedTextField.swift */,
			);
			name = LeftPaddedTextFeild;
			sourceTree = "<group>";
		};
		02B17B6B1F03083400FB8A8F /* POICell */ = {
			isa = PBXGroup;
			children = (
				02B17B6C1F03086000FB8A8F /* POIViewCell.swift */,
				02B17B6D1F03086000FB8A8F /* POIViewCell.xib */,
			);
			name = POICell;
			sourceTree = "<group>";
		};
		02B17B701F03086000FB8A8F /* DetailViewController */ = {
			isa = PBXGroup;
			children = (
				02B17B711F03086000FB8A8F /* DetailViewController.swift */,
				02B17B721F03086000FB8A8F /* DetailViewController.xib */,
			);
			name = DetailViewController;
			sourceTree = "<group>";
		};
		02B17B7B1F03086000FB8A8F /* Carousel */ = {
			isa = PBXGroup;
			children = (
				02B17B8A1F03086000FB8A8F /* NavigationTitleView.swift */,
				02B17B8B1F03086000FB8A8F /* NavigationTitleView.xib */,
				02B17B7C1F03086000FB8A8F /* CarouselViewController.swift */,
				02B17B7D1F03086000FB8A8F /* CarouselViewController.xib */,
			);
			name = Carousel;
			sourceTree = "<group>";
		};
		02B17B821F03086000FB8A8F /* Server */ = {
			isa = PBXGroup;
			children = (
				02B17B831F03086000FB8A8F /* Server.swift */,
			);
			name = Server;
			sourceTree = "<group>";
		};
		02B17B851F03086000FB8A8F /* NearbyCell */ = {
			isa = PBXGroup;
			children = (
				02B17B861F03086000FB8A8F /* NearByClaimedCollectionCell.swift */,
				02B17B871F03086000FB8A8F /* NearByClaimedCollectionCell.xib */,
			);
			name = NearbyCell;
			sourceTree = "<group>";
		};
		02DB73361EF08FCC00C5C467 /* Location */ = {
			isa = PBXGroup;
			children = (
				02DB73371EF08FF000C5C467 /* LocationRequestViewController.swift */,
				02DB73381EF08FF000C5C467 /* LocationRequestViewController.xib */,
			);
			name = Location;
			sourceTree = "<group>";
		};
		02DB733B1EF0943D00C5C467 /* HomeTabBar */ = {
			isa = PBXGroup;
			children = (
				02DB733C1EF0944D00C5C467 /* HomeTabBarViewController.swift */,
				02DB733D1EF0944D00C5C467 /* HomeTabBarViewController.xib */,
			);
			name = HomeTabBar;
			sourceTree = "<group>";
		};
		02DB73401EF0963800C5C467 /* HomeFeed */ = {
			isa = PBXGroup;
			children = (
				02DB73411EF0964A00C5C467 /* HomeFeedViewController.swift */,
				02DB73421EF0964A00C5C467 /* HomeFeedViewController.xib */,
			);
			name = HomeFeed;
			sourceTree = "<group>";
		};
		02DB73451EF0966D00C5C467 /* Discovery */ = {
			isa = PBXGroup;
			children = (
				0208A7491F009CF800AF40A5 /* Discovery1ViewController.swift */,
				0208A74A1F009CF800AF40A5 /* Discovery1ViewController.xib */,
			);
			name = Discovery;
			sourceTree = "<group>";
		};
		02DB734A1EF0969C00C5C467 /* Profile */ = {
			isa = PBXGroup;
			children = (
				02DB734B1EF096AB00C5C467 /* ProfileViewController.swift */,
				02DB734C1EF096AB00C5C467 /* ProfileViewController.xib */,
			);
			name = Profile;
			sourceTree = "<group>";
		};
		4C831E6BB42210ADDFC2B502 /* Frameworks */ = {
			isa = PBXGroup;
			children = (
				02AF5CF01EF9F45400FB8E01 /* MapKit.framework */,
				02AF5CEE1EF9F45400FB8E01 /* CoreLocation.framework */,
				C0A2262A42CC002EA9424DBE /* Pods_Nearly.framework */,
			);
			name = Frameworks;
			sourceTree = "<group>";
		};
		EF6CCE1AFC72A92C421856DB /* Pods */ = {
			isa = PBXGroup;
			children = (
				E5AE676C8D7A082CC9EDC771 /* Pods-Nearly.debug.xcconfig */,
				E4FF66D7EE1CA1375D254FF5 /* Pods-Nearly.release.xcconfig */,
			);
			name = Pods;
			sourceTree = "<group>";
		};
/* End PBXGroup section */

/* Begin PBXNativeTarget section */
		024AE2761EE71D5100444E7F /* Nearly */ = {
			isa = PBXNativeTarget;
			buildConfigurationList = 024AE2891EE71D5100444E7F /* Build configuration list for PBXNativeTarget "Nearly" */;
			buildPhases = (
				5BDF557F382D550EA92D6EEE /* [CP] Check Pods Manifest.lock */,
				024AE2731EE71D5100444E7F /* Sources */,
				024AE2741EE71D5100444E7F /* Frameworks */,
				024AE2751EE71D5100444E7F /* Resources */,
				0735C13A8B766310A64A32BD /* [CP] Embed Pods Frameworks */,
				D20F5D80173ECDAFB788D8B7 /* [CP] Copy Pods Resources */,
			);
			buildRules = (
			);
			dependencies = (
			);
			name = Nearly;
			productName = Nearly;
			productReference = 024AE2771EE71D5100444E7F /* Nearly.app */;
			productType = "com.apple.product-type.application";
		};
/* End PBXNativeTarget section */

/* Begin PBXProject section */
		024AE26F1EE71D5100444E7F /* Project object */ = {
			isa = PBXProject;
			attributes = {
				LastSwiftUpdateCheck = 0820;
				LastUpgradeCheck = 0820;
				ORGANIZATIONNAME = Nearly;
				TargetAttributes = {
					024AE2761EE71D5100444E7F = {
						CreatedOnToolsVersion = 8.2.1;
						DevelopmentTeam = 76BC6YJE4F;
						ProvisioningStyle = Automatic;
					};
				};
			};
			buildConfigurationList = 024AE2721EE71D5100444E7F /* Build configuration list for PBXProject "Nearly" */;
			compatibilityVersion = "Xcode 3.2";
			developmentRegion = English;
			hasScannedForEncodings = 0;
			knownRegions = (
				en,
				Base,
			);
			mainGroup = 024AE26E1EE71D5100444E7F;
			productRefGroup = 024AE2781EE71D5100444E7F /* Products */;
			projectDirPath = "";
			projectRoot = "";
			targets = (
				024AE2761EE71D5100444E7F /* Nearly */,
			);
		};
/* End PBXProject section */

/* Begin PBXResourcesBuildPhase section */
		024AE2751EE71D5100444E7F /* Resources */ = {
			isa = PBXResourcesBuildPhase;
			buildActionMask = 2147483647;
			files = (
				02DB734E1EF096AB00C5C467 /* ProfileViewController.xib in Resources */,
				02B17B741F03086000FB8A8F /* DetailViewController.xib in Resources */,
				024AE2851EE71D5100444E7F /* LaunchScreen.storyboard in Resources */,
				02DB733F1EF0944D00C5C467 /* HomeTabBarViewController.xib in Resources */,
				02B17B891F03086000FB8A8F /* NearByClaimedCollectionCell.xib in Resources */,
				026DD5F91F12E81400DE0A05 /* NearByClaimedViewCell.xib in Resources */,
				0208A74C1F009CF800AF40A5 /* Discovery1ViewController.xib in Resources */,
				026DD6011F12E81400DE0A05 /* BountyViewCell.xib in Resources */,
				02B17B8D1F03086000FB8A8F /* NavigationTitleView.xib in Resources */,
				024AE2821EE71D5100444E7F /* Assets.xcassets in Resources */,
				024AE2801EE71D5100444E7F /* Main.storyboard in Resources */,
				02DB73441EF0964A00C5C467 /* HomeFeedViewController.xib in Resources */,
				02B17B7F1F03086000FB8A8F /* CarouselViewController.xib in Resources */,
				02B17B6F1F03086000FB8A8F /* POIViewCell.xib in Resources */,
				02DB733A1EF08FF000C5C467 /* LocationRequestViewController.xib in Resources */,
				024AE2981EE721BD00444E7F /* loginInputView.xib in Resources */,
				026DD5F41F12E68800DE0A05 /* HomeFeedHeaderView.xib in Resources */,
				02AF5CE81EF9F34000FB8E01 /* AutoCompleteCell.xib in Resources */,
				02B17B671F0300DD00FB8A8F /* LocationCollectionViewCell.xib in Resources */,
			);
			runOnlyForDeploymentPostprocessing = 0;
		};
/* End PBXResourcesBuildPhase section */

/* Begin PBXShellScriptBuildPhase section */
		0735C13A8B766310A64A32BD /* [CP] Embed Pods Frameworks */ = {
			isa = PBXShellScriptBuildPhase;
			buildActionMask = 2147483647;
			files = (
			);
			inputPaths = (
			);
			name = "[CP] Embed Pods Frameworks";
			outputPaths = (
			);
			runOnlyForDeploymentPostprocessing = 0;
			shellPath = /bin/sh;
			shellScript = "\"${SRCROOT}/Pods/Target Support Files/Pods-Nearly/Pods-Nearly-frameworks.sh\"\n";
			showEnvVarsInLog = 0;
		};
		5BDF557F382D550EA92D6EEE /* [CP] Check Pods Manifest.lock */ = {
			isa = PBXShellScriptBuildPhase;
			buildActionMask = 2147483647;
			files = (
			);
			inputPaths = (
			);
			name = "[CP] Check Pods Manifest.lock";
			outputPaths = (
			);
			runOnlyForDeploymentPostprocessing = 0;
			shellPath = /bin/sh;
			shellScript = "diff \"${PODS_ROOT}/../Podfile.lock\" \"${PODS_ROOT}/Manifest.lock\" > /dev/null\nif [ $? != 0 ] ; then\n    # print error to STDERR\n    echo \"error: The sandbox is not in sync with the Podfile.lock. Run 'pod install' or update your CocoaPods installation.\" >&2\n    exit 1\nfi\n";
			showEnvVarsInLog = 0;
		};
		D20F5D80173ECDAFB788D8B7 /* [CP] Copy Pods Resources */ = {
			isa = PBXShellScriptBuildPhase;
			buildActionMask = 2147483647;
			files = (
			);
			inputPaths = (
			);
			name = "[CP] Copy Pods Resources";
			outputPaths = (
			);
			runOnlyForDeploymentPostprocessing = 0;
			shellPath = /bin/sh;
			shellScript = "\"${SRCROOT}/Pods/Target Support Files/Pods-Nearly/Pods-Nearly-resources.sh\"\n";
			showEnvVarsInLog = 0;
		};
/* End PBXShellScriptBuildPhase section */

/* Begin PBXSourcesBuildPhase section */
		024AE2731EE71D5100444E7F /* Sources */ = {
			isa = PBXSourcesBuildPhase;
			buildActionMask = 2147483647;
			files = (
				024AE2931EE71F9200444E7F /* LoginViewController.swift in Sources */,
				024AE27B1EE71D5100444E7F /* AppDelegate.swift in Sources */,
				026DD5F21F12E65B00DE0A05 /* HomeFeedHeaderView.swift in Sources */,
				02B17B8C1F03086000FB8A8F /* NavigationTitleView.swift in Sources */,
				024AE28E1EE71D6D00444E7F /* User.swift in Sources */,
				02AF5CE71EF9F34000FB8E01 /* AutoCompleteCell.swift in Sources */,
				02AF5CF41EF9F45400FB8E01 /* GeoPoint.swift in Sources */,
				02B17B7E1F03086000FB8A8F /* CarouselViewController.swift in Sources */,
				02D099621F00893D00EF348E /* LocationCollectionViewCell.swift in Sources */,
				02B17B841F03086000FB8A8F /* Server.swift in Sources */,
				02AF5CEA1EF9F3B900FB8E01 /* POI.swift in Sources */,
				02AF5CED1EF9F45400FB8E01 /* GooglePlacesServer.swift in Sources */,
				02B17B881F03086000FB8A8F /* NearByClaimedCollectionCell.swift in Sources */,
				02DB73431EF0964A00C5C467 /* HomeFeedViewController.swift in Sources */,
				02B17B731F03086000FB8A8F /* DetailViewController.swift in Sources */,
				02B17B8F1F03086000FB8A8F /* Media.swift in Sources */,
				02DB733E1EF0944D00C5C467 /* HomeTabBarViewController.swift in Sources */,
				026DD6001F12E81400DE0A05 /* BountyViewCell.swift in Sources */,
				02B17B811F03086000FB8A8F /* Bounty.swift in Sources */,
				02B17B6A1F03079400FB8A8F /* LeftPaddedTextField.swift in Sources */,
				02B17B911F03086000FB8A8F /* Content.swift in Sources */,
				02DB73391EF08FF000C5C467 /* LocationRequestViewController.swift in Sources */,
				0208A74B1F009CF800AF40A5 /* Discovery1ViewController.swift in Sources */,
				026DD5F81F12E81400DE0A05 /* NearByClaimedViewCell.swift in Sources */,
				026DD5FD1F12E81400DE0A05 /* HomeFeedNearByClaimedCollectionCell.swift in Sources */,
				02DB734D1EF096AB00C5C467 /* ProfileViewController.swift in Sources */,
				026DD5FB1F12E81400DE0A05 /* HomeFeedUnclaimedBountyCell.swift in Sources */,
				02DB73501EF0972200C5C467 /* Constant.swift in Sources */,
				024AE2961EE7218C00444E7F /* loginInputView.swift in Sources */,
				02B17B6E1F03086000FB8A8F /* POIViewCell.swift in Sources */,
			);
			runOnlyForDeploymentPostprocessing = 0;
		};
/* End PBXSourcesBuildPhase section */

/* Begin PBXVariantGroup section */
		024AE27E1EE71D5100444E7F /* Main.storyboard */ = {
			isa = PBXVariantGroup;
			children = (
				024AE27F1EE71D5100444E7F /* Base */,
			);
			name = Main.storyboard;
			sourceTree = "<group>";
		};
		024AE2831EE71D5100444E7F /* LaunchScreen.storyboard */ = {
			isa = PBXVariantGroup;
			children = (
				024AE2841EE71D5100444E7F /* Base */,
			);
			name = LaunchScreen.storyboard;
			sourceTree = "<group>";
		};
/* End PBXVariantGroup section */

/* Begin XCBuildConfiguration section */
		024AE2871EE71D5100444E7F /* Debug */ = {
			isa = XCBuildConfiguration;
			buildSettings = {
				ALWAYS_SEARCH_USER_PATHS = NO;
				CLANG_ANALYZER_NONNULL = YES;
				CLANG_CXX_LANGUAGE_STANDARD = "gnu++0x";
				CLANG_CXX_LIBRARY = "libc++";
				CLANG_ENABLE_MODULES = YES;
				CLANG_ENABLE_OBJC_ARC = YES;
				CLANG_WARN_BOOL_CONVERSION = YES;
				CLANG_WARN_CONSTANT_CONVERSION = YES;
				CLANG_WARN_DIRECT_OBJC_ISA_USAGE = YES_ERROR;
				CLANG_WARN_DOCUMENTATION_COMMENTS = YES;
				CLANG_WARN_EMPTY_BODY = YES;
				CLANG_WARN_ENUM_CONVERSION = YES;
				CLANG_WARN_INFINITE_RECURSION = YES;
				CLANG_WARN_INT_CONVERSION = YES;
				CLANG_WARN_OBJC_ROOT_CLASS = YES_ERROR;
				CLANG_WARN_SUSPICIOUS_MOVE = YES;
				CLANG_WARN_UNREACHABLE_CODE = YES;
				CLANG_WARN__DUPLICATE_METHOD_MATCH = YES;
				"CODE_SIGN_IDENTITY[sdk=iphoneos*]" = "iPhone Developer";
				COPY_PHASE_STRIP = NO;
				DEBUG_INFORMATION_FORMAT = dwarf;
				ENABLE_STRICT_OBJC_MSGSEND = YES;
				ENABLE_TESTABILITY = YES;
				GCC_C_LANGUAGE_STANDARD = gnu99;
				GCC_DYNAMIC_NO_PIC = NO;
				GCC_NO_COMMON_BLOCKS = YES;
				GCC_OPTIMIZATION_LEVEL = 0;
				GCC_PREPROCESSOR_DEFINITIONS = (
					"DEBUG=1",
					"$(inherited)",
				);
				GCC_WARN_64_TO_32_BIT_CONVERSION = YES;
				GCC_WARN_ABOUT_RETURN_TYPE = YES_ERROR;
				GCC_WARN_UNDECLARED_SELECTOR = YES;
				GCC_WARN_UNINITIALIZED_AUTOS = YES_AGGRESSIVE;
				GCC_WARN_UNUSED_FUNCTION = YES;
				GCC_WARN_UNUSED_VARIABLE = YES;
				IPHONEOS_DEPLOYMENT_TARGET = 10.2;
				MTL_ENABLE_DEBUG_INFO = YES;
				ONLY_ACTIVE_ARCH = YES;
				SDKROOT = iphoneos;
				SWIFT_ACTIVE_COMPILATION_CONDITIONS = DEBUG;
				SWIFT_OPTIMIZATION_LEVEL = "-Onone";
				TARGETED_DEVICE_FAMILY = "1,2";
			};
			name = Debug;
		};
		024AE2881EE71D5100444E7F /* Release */ = {
			isa = XCBuildConfiguration;
			buildSettings = {
				ALWAYS_SEARCH_USER_PATHS = NO;
				CLANG_ANALYZER_NONNULL = YES;
				CLANG_CXX_LANGUAGE_STANDARD = "gnu++0x";
				CLANG_CXX_LIBRARY = "libc++";
				CLANG_ENABLE_MODULES = YES;
				CLANG_ENABLE_OBJC_ARC = YES;
				CLANG_WARN_BOOL_CONVERSION = YES;
				CLANG_WARN_CONSTANT_CONVERSION = YES;
				CLANG_WARN_DIRECT_OBJC_ISA_USAGE = YES_ERROR;
				CLANG_WARN_DOCUMENTATION_COMMENTS = YES;
				CLANG_WARN_EMPTY_BODY = YES;
				CLANG_WARN_ENUM_CONVERSION = YES;
				CLANG_WARN_INFINITE_RECURSION = YES;
				CLANG_WARN_INT_CONVERSION = YES;
				CLANG_WARN_OBJC_ROOT_CLASS = YES_ERROR;
				CLANG_WARN_SUSPICIOUS_MOVE = YES;
				CLANG_WARN_UNREACHABLE_CODE = YES;
				CLANG_WARN__DUPLICATE_METHOD_MATCH = YES;
				"CODE_SIGN_IDENTITY[sdk=iphoneos*]" = "iPhone Developer";
				COPY_PHASE_STRIP = NO;
				DEBUG_INFORMATION_FORMAT = "dwarf-with-dsym";
				ENABLE_NS_ASSERTIONS = NO;
				ENABLE_STRICT_OBJC_MSGSEND = YES;
				GCC_C_LANGUAGE_STANDARD = gnu99;
				GCC_NO_COMMON_BLOCKS = YES;
				GCC_WARN_64_TO_32_BIT_CONVERSION = YES;
				GCC_WARN_ABOUT_RETURN_TYPE = YES_ERROR;
				GCC_WARN_UNDECLARED_SELECTOR = YES;
				GCC_WARN_UNINITIALIZED_AUTOS = YES_AGGRESSIVE;
				GCC_WARN_UNUSED_FUNCTION = YES;
				GCC_WARN_UNUSED_VARIABLE = YES;
				IPHONEOS_DEPLOYMENT_TARGET = 10.2;
				MTL_ENABLE_DEBUG_INFO = NO;
				SDKROOT = iphoneos;
				SWIFT_OPTIMIZATION_LEVEL = "-Owholemodule";
				TARGETED_DEVICE_FAMILY = "1,2";
				VALIDATE_PRODUCT = YES;
			};
			name = Release;
		};
		024AE28A1EE71D5100444E7F /* Debug */ = {
			isa = XCBuildConfiguration;
			baseConfigurationReference = E5AE676C8D7A082CC9EDC771 /* Pods-Nearly.debug.xcconfig */;
			buildSettings = {
				ASSETCATALOG_COMPILER_APPICON_NAME = AppIcon;
				DEVELOPMENT_TEAM = 76BC6YJE4F;
				INFOPLIST_FILE = Nearly/Info.plist;
				IPHONEOS_DEPLOYMENT_TARGET = 9.0;
				LD_RUNPATH_SEARCH_PATHS = "$(inherited) @executable_path/Frameworks";
				PRODUCT_BUNDLE_IDENTIFIER = com.Nearly;
				PRODUCT_NAME = "$(TARGET_NAME)";
				SWIFT_VERSION = 3.0;
			};
			name = Debug;
		};
		024AE28B1EE71D5100444E7F /* Release */ = {
			isa = XCBuildConfiguration;
			baseConfigurationReference = E4FF66D7EE1CA1375D254FF5 /* Pods-Nearly.release.xcconfig */;
			buildSettings = {
				ASSETCATALOG_COMPILER_APPICON_NAME = AppIcon;
				DEVELOPMENT_TEAM = 76BC6YJE4F;
				INFOPLIST_FILE = Nearly/Info.plist;
				IPHONEOS_DEPLOYMENT_TARGET = 9.0;
				LD_RUNPATH_SEARCH_PATHS = "$(inherited) @executable_path/Frameworks";
				PRODUCT_BUNDLE_IDENTIFIER = com.Nearly;
				PRODUCT_NAME = "$(TARGET_NAME)";
				SWIFT_VERSION = 3.0;
			};
			name = Release;
		};
/* End XCBuildConfiguration section */

/* Begin XCConfigurationList section */
		024AE2721EE71D5100444E7F /* Build configuration list for PBXProject "Nearly" */ = {
			isa = XCConfigurationList;
			buildConfigurations = (
				024AE2871EE71D5100444E7F /* Debug */,
				024AE2881EE71D5100444E7F /* Release */,
			);
			defaultConfigurationIsVisible = 0;
			defaultConfigurationName = Release;
		};
		024AE2891EE71D5100444E7F /* Build configuration list for PBXNativeTarget "Nearly" */ = {
			isa = XCConfigurationList;
			buildConfigurations = (
				024AE28A1EE71D5100444E7F /* Debug */,
				024AE28B1EE71D5100444E7F /* Release */,
			);
			defaultConfigurationIsVisible = 0;
			defaultConfigurationName = Release;
		};
/* End XCConfigurationList section */
	};
	rootObject = 024AE26F1EE71D5100444E7F /* Project object */;
}
